
Microsoft Visual Studio Solution File, Format Version 12.00
# Visual Studio Version 17
VisualStudioVersion = 17.0.31903.59
MinimumVisualStudioVersion = 10.0.40219.1
Project("{2150E333-8FDC-42A3-9474-1A3956D46DE8}") = "Services", "Services", "{FC9DC672-AD09-4AE3-A6F6-C78F1EE7B5C9}"
EndProject
Project("{FAE04EC0-301F-11D3-BF4B-00C04F79EFBC}") = "Catalog.API", "Services\Catalog\Catalog.API\Catalog.API.csproj", "{B4EF4EAC-F188-4EFD-BD6D-145329B8AADF}"
EndProject
Global
	GlobalSection(SolutionConfigurationPlatforms) = preSolution
		Debug|Any CPU = Debug|Any CPU
		Release|Any CPU = Release|Any CPU
	EndGlobalSection
	GlobalSection(SolutionProperties) = preSolution
		HideSolutionNode = FALSE
	EndGlobalSection
	GlobalSection(ProjectConfigurationPlatforms) = postSolution
		{B4EF4EAC-F188-4EFD-BD6D-145329B8AADF}.Debug|Any CPU.ActiveCfg = Debug|Any CPU
		{B4EF4EAC-F188-4EFD-BD6D-145329B8AADF}.Debug|Any CPU.Build.0 = Debug|Any CPU
		{B4EF4EAC-F188-4EFD-BD6D-145329B8AADF}.Release|Any CPU.ActiveCfg = Release|Any CPU
		{B4EF4EAC-F188-4EFD-BD6D-145329B8AADF}.Release|Any CPU.Build.0 = Release|Any CPU
	EndGlobalSection
	GlobalSection(NestedProjects) = preSolution
		{B4EF4EAC-F188-4EFD-BD6D-145329B8AADF} = {FC9DC672-AD09-4AE3-A6F6-C78F1EE7B5C9}
	EndGlobalSection
EndGlobal
